
Microsoft Visual Studio Solution File, Format Version 12.00
# Visual Studio Version 16
VisualStudioVersion = 16.0.30717.126
MinimumVisualStudioVersion = 10.0.40219.1
Project("{FAE04EC0-301F-11D3-BF4B-00C04F79EFBC}") = "AdventureWorks.API", "AdventureWorks.API\AdventureWorks.API.csproj", "{D9D23019-A840-4161-9EDA-498753A32B53}"
EndProject
Global
	GlobalSection(SolutionConfigurationPlatforms) = preSolution
		Debug|Any CPU = Debug|Any CPU
		Release|Any CPU = Release|Any CPU
	EndGlobalSection
	GlobalSection(ProjectConfigurationPlatforms) = postSolution
		{D9D23019-A840-4161-9EDA-498753A32B53}.Debug|Any CPU.ActiveCfg = Debug|Any CPU
		{D9D23019-A840-4161-9EDA-498753A32B53}.Debug|Any CPU.Build.0 = Debug|Any CPU
		{D9D23019-A840-4161-9EDA-498753A32B53}.Release|Any CPU.ActiveCfg = Release|Any CPU
		{D9D23019-A840-4161-9EDA-498753A32B53}.Release|Any CPU.Build.0 = Release|Any CPU
	EndGlobalSection
	GlobalSection(SolutionProperties) = preSolution
		HideSolutionNode = FALSE
	EndGlobalSection
	GlobalSection(ExtensibilityGlobals) = postSolution
		SolutionGuid = {70C54A94-5515-458F-9461-8B1E1AEBF2F9}
	EndGlobalSection
EndGlobal
